
Microsoft Visual Studio Solution File, Format Version 12.00
# Visual Studio Version 17
VisualStudioVersion = 17.13.35919.96 d17.13
MinimumVisualStudioVersion = 10.0.40219.1
Project("{FAE04EC0-301F-11D3-BF4B-00C04F79EFBC}") = "Chatbot", "Chatbot\Chatbot.csproj", "{F1F45222-C52B-4EDE-8007-16089DB77549}"
EndProject
Global
	GlobalSection(SolutionConfigurationPlatforms) = preSolution
		Debug|Any CPU = Debug|Any CPU
		Release|Any CPU = Release|Any CPU
	EndGlobalSection
	GlobalSection(ProjectConfigurationPlatforms) = postSolution
		{F1F45222-C52B-4EDE-8007-16089DB77549}.Debug|Any CPU.ActiveCfg = Debug|Any CPU
		{F1F45222-C52B-4EDE-8007-16089DB77549}.Debug|Any CPU.Build.0 = Debug|Any CPU
		{F1F45222-C52B-4EDE-8007-16089DB77549}.Release|Any CPU.ActiveCfg = Release|Any CPU
		{F1F45222-C52B-4EDE-8007-16089DB77549}.Release|Any CPU.Build.0 = Release|Any CPU
	EndGlobalSection
	GlobalSection(SolutionProperties) = preSolution
		HideSolutionNode = FALSE
	EndGlobalSection
	GlobalSection(ExtensibilityGlobals) = postSolution
		SolutionGuid = {7B10131B-B257-415B-A3FC-F95383136AC6}
	EndGlobalSection
EndGlobal
